Microsoft Visual Studio Solution File, Format Version 12.00
# Visual Studio 2012
Project("{FAE04EC0-301F-11D3-BF4B-00C04F79EFBC}") = "HexCraft", "HexCraft.csproj", "{AF44C3DD-BE13-491D-AC32-91F5C6430FF7}"
EndProject
Global
	GlobalSection(SolutionConfigurationPlatforms) = preSolution
	Debug|Any CPU = Debug|Any CPU
	ExportDebug|Any CPU = ExportDebug|Any CPU
	ExportRelease|Any CPU = ExportRelease|Any CPU
	EndGlobalSection
	GlobalSection(ProjectConfigurationPlatforms) = postSolution
		{AF44C3DD-BE13-491D-AC32-91F5C6430FF7}.Debug|Any CPU.ActiveCfg = Debug|Any CPU
		{AF44C3DD-BE13-491D-AC32-91F5C6430FF7}.Debug|Any CPU.Build.0 = Debug|Any CPU
		{AF44C3DD-BE13-491D-AC32-91F5C6430FF7}.ExportDebug|Any CPU.ActiveCfg = ExportDebug|Any CPU
		{AF44C3DD-BE13-491D-AC32-91F5C6430FF7}.ExportDebug|Any CPU.Build.0 = ExportDebug|Any CPU
		{AF44C3DD-BE13-491D-AC32-91F5C6430FF7}.ExportRelease|Any CPU.ActiveCfg = ExportRelease|Any CPU
		{AF44C3DD-BE13-491D-AC32-91F5C6430FF7}.ExportRelease|Any CPU.Build.0 = ExportRelease|Any CPU
	EndGlobalSection
EndGlobal
